// !$*UTF8*$!
{
	archiveVersion = 1;
	classes = {
	};
	objectVersion = 51;
	objects = {

/* Begin PBXBuildFile section */
		0C3CFAA32512A14A00C23DD7 /* GuildViewController.swift in Sources */ = {isa = PBXBuildFile; fileRef = 0C3CFAA22512A14A00C23DD7 /* GuildViewController.swift */; };
		0C4BC13F24156A9D00F00300 /* AppDelegate.swift in Sources */ = {isa = PBXBuildFile; fileRef = 0C4BC13E24156A9D00F00300 /* AppDelegate.swift */; };
		0C4BC14124156A9D00F00300 /* SceneDelegate.swift in Sources */ = {isa = PBXBuildFile; fileRef = 0C4BC14024156A9D00F00300 /* SceneDelegate.swift */; };
		0C4BC14324156A9D00F00300 /* ProfileViewController.swift in Sources */ = {isa = PBXBuildFile; fileRef = 0C4BC14224156A9D00F00300 /* ProfileViewController.swift */; };
		0C4BC14624156A9D00F00300 /* Main.storyboard in Resources */ = {isa = PBXBuildFile; fileRef = 0C4BC14424156A9D00F00300 /* Main.storyboard */; };
		0C4BC14824156AA000F00300 /* Assets.xcassets in Resources */ = {isa = PBXBuildFile; fileRef = 0C4BC14724156AA000F00300 /* Assets.xcassets */; };
		0C4BC14B24156AA100F00300 /* LaunchScreen.storyboard in Resources */ = {isa = PBXBuildFile; fileRef = 0C4BC14924156AA100F00300 /* LaunchScreen.storyboard */; };
		0C4BC1552415708500F00300 /* UserData.swift in Sources */ = {isa = PBXBuildFile; fileRef = 0C4BC1542415708500F00300 /* UserData.swift */; };
		0C57227424FB506C0066118A /* Update.swift in Sources */ = {isa = PBXBuildFile; fileRef = 0C57227324FB506C0066118A /* Update.swift */; };
		0C57227624FC6EB60066118A /* ShopViewController.swift in Sources */ = {isa = PBXBuildFile; fileRef = 0C57227524FC6EB60066118A /* ShopViewController.swift */; };
		0C57227824FCA8350066118A /* ShopCell.swift in Sources */ = {isa = PBXBuildFile; fileRef = 0C57227724FCA8350066118A /* ShopCell.swift */; };
		0C57FAB024EE277F00C80222 /* CombatFormulas.swift in Sources */ = {isa = PBXBuildFile; fileRef = 0C57FAAF24EE277F00C80222 /* CombatFormulas.swift */; };
		0C57FAB424F0756200C80222 /* AddFriendViewController.swift in Sources */ = {isa = PBXBuildFile; fileRef = 0C57FAB324F0756200C80222 /* AddFriendViewController.swift */; };
		0C57FAB624F0821100C80222 /* Friend.swift in Sources */ = {isa = PBXBuildFile; fileRef = 0C57FAB524F0821000C80222 /* Friend.swift */; };
		0C57FAB824F0844900C80222 /* FeedViewController.swift in Sources */ = {isa = PBXBuildFile; fileRef = 0C57FAB724F0844900C80222 /* FeedViewController.swift */; };
		0C5851D724D5271900008CE5 /* CreateTaskViewController.swift in Sources */ = {isa = PBXBuildFile; fileRef = 0C5851D624D5271900008CE5 /* CreateTaskViewController.swift */; };
		0C5851DE24D9FB5900008CE5 /* UIProgressView + Extensions.swift in Sources */ = {isa = PBXBuildFile; fileRef = 0C5851DD24D9FB5900008CE5 /* UIProgressView + Extensions.swift */; };
		0C5C3BE324F5735500E8C814 /* UIViewController + Extensions.swift in Sources */ = {isa = PBXBuildFile; fileRef = 0C5C3BE224F5735500E8C814 /* UIViewController + Extensions.swift */; };
		0C5C3BE524F5791D00E8C814 /* GoogleService-Info.plist in Resources */ = {isa = PBXBuildFile; fileRef = 0C5C3BE424F5791D00E8C814 /* GoogleService-Info.plist */; };
		0C5C53D924C579FE004867F6 /* DatabaseServices.swift in Sources */ = {isa = PBXBuildFile; fileRef = 0C5C53D824C579FE004867F6 /* DatabaseServices.swift */; };
		0C5C53DD24CE35E7004867F6 /* TaskViewController.swift in Sources */ = {isa = PBXBuildFile; fileRef = 0C5C53DC24CE35E7004867F6 /* TaskViewController.swift */; };
		0C5C53E024CE3C56004867F6 /* Task.swift in Sources */ = {isa = PBXBuildFile; fileRef = 0C5C53DF24CE3C56004867F6 /* Task.swift */; };
		0C5C53E324CE61AF004867F6 /* TaskCell.swift in Sources */ = {isa = PBXBuildFile; fileRef = 0C5C53E224CE61AF004867F6 /* TaskCell.swift */; };
		0C5C53E624D29399004867F6 /* LoginView.storyboard in Resources */ = {isa = PBXBuildFile; fileRef = 0C5C53E524D29399004867F6 /* LoginView.storyboard */; };
		0C5C53E824D29466004867F6 /* LoginViewController.swift in Sources */ = {isa = PBXBuildFile; fileRef = 0C5C53E724D29466004867F6 /* LoginViewController.swift */; };
		0C5C53EA24D3C4A9004867F6 /* AuthenticationSession.swift in Sources */ = {isa = PBXBuildFile; fileRef = 0C5C53E924D3C4A9004867F6 /* AuthenticationSession.swift */; };
		0C5C53EC24D3C691004867F6 /* UIViewController + Alerts.swift in Sources */ = {isa = PBXBuildFile; fileRef = 0C5C53EB24D3C691004867F6 /* UIViewController + Alerts.swift */; };
		0C67DB0B24FA07E2004D872C /* FeedCell.swift in Sources */ = {isa = PBXBuildFile; fileRef = 0C67DB0A24FA07E2004D872C /* FeedCell.swift */; };
		0C67DB0D24FA08D0004D872C /* UICollectionViewCell + Extensions.swift in Sources */ = {isa = PBXBuildFile; fileRef = 0C67DB0C24FA08D0004D872C /* UICollectionViewCell + Extensions.swift */; };
		0C6E858024FE0B2000B2D23C /* QuestBoardController.swift in Sources */ = {isa = PBXBuildFile; fileRef = 0C6E857F24FE0B2000B2D23C /* QuestBoardController.swift */; };
		0C6E858225005EF200B2D23C /* QuestBoardSystem.swift in Sources */ = {isa = PBXBuildFile; fileRef = 0C6E858125005EF200B2D23C /* QuestBoardSystem.swift */; };
		0C6E85842502BB7900B2D23C /* DungeonStatus.swift in Sources */ = {isa = PBXBuildFile; fileRef = 0C6E85832502BB7900B2D23C /* DungeonStatus.swift */; };
		0C7721DC24EB2EFF0097059A /* EnemyData.swift in Sources */ = {isa = PBXBuildFile; fileRef = 0C7721DB24EB2EFF0097059A /* EnemyData.swift */; };
		0C7721DE24EB2FA60097059A /* Equipment.swift in Sources */ = {isa = PBXBuildFile; fileRef = 0C7721DD24EB2FA60097059A /* Equipment.swift */; };
		0C7721E024EB46E80097059A /* DungeonData.swift in Sources */ = {isa = PBXBuildFile; fileRef = 0C7721DF24EB46E70097059A /* DungeonData.swift */; };
		0C7721E224EB499A0097059A /* DungeonListViewController.swift in Sources */ = {isa = PBXBuildFile; fileRef = 0C7721E124EB499A0097059A /* DungeonListViewController.swift */; };
		0C7721E424EB49B30097059A /* DungeonProgressViewController.swift in Sources */ = {isa = PBXBuildFile; fileRef = 0C7721E324EB49B30097059A /* DungeonProgressViewController.swift */; };
		0C7721E624EB49C60097059A /* CombatViewController.swift in Sources */ = {isa = PBXBuildFile; fileRef = 0C7721E524EB49C60097059A /* CombatViewController.swift */; };
		0C7721E824EBB16A0097059A /* DungeonListCell.swift in Sources */ = {isa = PBXBuildFile; fileRef = 0C7721E724EBB16A0097059A /* DungeonListCell.swift */; };
		0C7721EA24EBB4A10097059A /* StorageServices.swift in Sources */ = {isa = PBXBuildFile; fileRef = 0C7721E924EBB4A10097059A /* StorageServices.swift */; };
		15324189A3D3436A5B8490DE /* Pods_Gameify.framework in Frameworks */ = {isa = PBXBuildFile; fileRef = EF8EDD8691BB4B645A649777 /* Pods_Gameify.framework */; };
/* End PBXBuildFile section */

/* Begin PBXFileReference section */
		0C3CFAA125129D5800C23DD7 /* battleTheme1.wav */ = {isa = PBXFileReference; lastKnownFileType = audio.wav; name = battleTheme1.wav; path = ../../../Downloads/battleTheme1.wav; sourceTree = "<group>"; };
		0C3CFAA22512A14A00C23DD7 /* GuildViewController.swift */ = {isa = PBXFileReference; lastKnownFileType = sourcecode.swift; path = GuildViewController.swift; sourceTree = "<group>"; };
		0C4BC13B24156A9D00F00300 /* Gameify.app */ = {isa = PBXFileReference; explicitFileType = wrapper.application; includeInIndex = 0; path = Gameify.app; sourceTree = BUILT_PRODUCTS_DIR; };
		0C4BC13E24156A9D00F00300 /* AppDelegate.swift */ = {isa = PBXFileReference; lastKnownFileType = sourcecode.swift; path = AppDelegate.swift; sourceTree = "<group>"; };
		0C4BC14024156A9D00F00300 /* SceneDelegate.swift */ = {isa = PBXFileReference; lastKnownFileType = sourcecode.swift; path = SceneDelegate.swift; sourceTree = "<group>"; };
		0C4BC14224156A9D00F00300 /* ProfileViewController.swift */ = {isa = PBXFileReference; lastKnownFileType = sourcecode.swift; path = ProfileViewController.swift; sourceTree = "<group>"; };
		0C4BC14524156A9D00F00300 /* Base */ = {isa = PBXFileReference; lastKnownFileType = file.storyboard; name = Base; path = Base.lproj/Main.storyboard; sourceTree = "<group>"; };
		0C4BC14724156AA000F00300 /* Assets.xcassets */ = {isa = PBXFileReference; lastKnownFileType = folder.assetcatalog; path = Assets.xcassets; sourceTree = "<group>"; };
		0C4BC14A24156AA100F00300 /* Base */ = {isa = PBXFileReference; lastKnownFileType = file.storyboard; name = Base; path = Base.lproj/LaunchScreen.storyboard; sourceTree = "<group>"; };
		0C4BC14C24156AA100F00300 /* Info.plist */ = {isa = PBXFileReference; lastKnownFileType = text.plist.xml; path = Info.plist; sourceTree = "<group>"; };
		0C4BC1542415708500F00300 /* UserData.swift */ = {isa = PBXFileReference; lastKnownFileType = sourcecode.swift; path = UserData.swift; sourceTree = "<group>"; };
		0C57227324FB506C0066118A /* Update.swift */ = {isa = PBXFileReference; lastKnownFileType = sourcecode.swift; path = Update.swift; sourceTree = "<group>"; };
		0C57227524FC6EB60066118A /* ShopViewController.swift */ = {isa = PBXFileReference; lastKnownFileType = sourcecode.swift; path = ShopViewController.swift; sourceTree = "<group>"; };
		0C57227724FCA8350066118A /* ShopCell.swift */ = {isa = PBXFileReference; lastKnownFileType = sourcecode.swift; path = ShopCell.swift; sourceTree = "<group>"; };
		0C57FAAF24EE277F00C80222 /* CombatFormulas.swift */ = {isa = PBXFileReference; lastKnownFileType = sourcecode.swift; path = CombatFormulas.swift; sourceTree = "<group>"; };
		0C57FAB324F0756200C80222 /* AddFriendViewController.swift */ = {isa = PBXFileReference; lastKnownFileType = sourcecode.swift; path = AddFriendViewController.swift; sourceTree = "<group>"; };
		0C57FAB524F0821000C80222 /* Friend.swift */ = {isa = PBXFileReference; lastKnownFileType = sourcecode.swift; path = Friend.swift; sourceTree = "<group>"; };
		0C57FAB724F0844900C80222 /* FeedViewController.swift */ = {isa = PBXFileReference; lastKnownFileType = sourcecode.swift; path = FeedViewController.swift; sourceTree = "<group>"; };
		0C5851D624D5271900008CE5 /* CreateTaskViewController.swift */ = {isa = PBXFileReference; lastKnownFileType = sourcecode.swift; path = CreateTaskViewController.swift; sourceTree = "<group>"; };
		0C5851DD24D9FB5900008CE5 /* UIProgressView + Extensions.swift */ = {isa = PBXFileReference; lastKnownFileType = sourcecode.swift; path = "UIProgressView + Extensions.swift"; sourceTree = "<group>"; };
		0C5C3BE224F5735500E8C814 /* UIViewController + Extensions.swift */ = {isa = PBXFileReference; lastKnownFileType = sourcecode.swift; path = "UIViewController + Extensions.swift"; sourceTree = "<group>"; };
		0C5C3BE424F5791D00E8C814 /* GoogleService-Info.plist */ = {isa = PBXFileReference; fileEncoding = 4; lastKnownFileType = text.plist.xml; path = "GoogleService-Info.plist"; sourceTree = "<group>"; };
		0C5C53D824C579FE004867F6 /* DatabaseServices.swift */ = {isa = PBXFileReference; lastKnownFileType = sourcecode.swift; path = DatabaseServices.swift; sourceTree = "<group>"; };
		0C5C53DC24CE35E7004867F6 /* TaskViewController.swift */ = {isa = PBXFileReference; lastKnownFileType = sourcecode.swift; path = TaskViewController.swift; sourceTree = "<group>"; };
		0C5C53DF24CE3C56004867F6 /* Task.swift */ = {isa = PBXFileReference; lastKnownFileType = sourcecode.swift; path = Task.swift; sourceTree = "<group>"; };
		0C5C53E224CE61AF004867F6 /* TaskCell.swift */ = {isa = PBXFileReference; lastKnownFileType = sourcecode.swift; path = TaskCell.swift; sourceTree = "<group>"; };
		0C5C53E524D29399004867F6 /* LoginView.storyboard */ = {isa = PBXFileReference; lastKnownFileType = file.storyboard; path = LoginView.storyboard; sourceTree = "<group>"; };
		0C5C53E724D29466004867F6 /* LoginViewController.swift */ = {isa = PBXFileReference; lastKnownFileType = sourcecode.swift; path = LoginViewController.swift; sourceTree = "<group>"; };
		0C5C53E924D3C4A9004867F6 /* AuthenticationSession.swift */ = {isa = PBXFileReference; lastKnownFileType = sourcecode.swift; path = AuthenticationSession.swift; sourceTree = "<group>"; };
		0C5C53EB24D3C691004867F6 /* UIViewController + Alerts.swift */ = {isa = PBXFileReference; lastKnownFileType = sourcecode.swift; path = "UIViewController + Alerts.swift"; sourceTree = "<group>"; };
		0C67DB0A24FA07E2004D872C /* FeedCell.swift */ = {isa = PBXFileReference; lastKnownFileType = sourcecode.swift; path = FeedCell.swift; sourceTree = "<group>"; };
		0C67DB0C24FA08D0004D872C /* UICollectionViewCell + Extensions.swift */ = {isa = PBXFileReference; lastKnownFileType = sourcecode.swift; path = "UICollectionViewCell + Extensions.swift"; sourceTree = "<group>"; };
		0C6E857F24FE0B2000B2D23C /* QuestBoardController.swift */ = {isa = PBXFileReference; lastKnownFileType = sourcecode.swift; path = QuestBoardController.swift; sourceTree = "<group>"; };
		0C6E858125005EF200B2D23C /* QuestBoardSystem.swift */ = {isa = PBXFileReference; lastKnownFileType = sourcecode.swift; path = QuestBoardSystem.swift; sourceTree = "<group>"; };
		0C6E85832502BB7900B2D23C /* DungeonStatus.swift */ = {isa = PBXFileReference; lastKnownFileType = sourcecode.swift; path = DungeonStatus.swift; sourceTree = "<group>"; };
		0C7721DB24EB2EFF0097059A /* EnemyData.swift */ = {isa = PBXFileReference; lastKnownFileType = sourcecode.swift; path = EnemyData.swift; sourceTree = "<group>"; };
		0C7721DD24EB2FA60097059A /* Equipment.swift */ = {isa = PBXFileReference; lastKnownFileType = sourcecode.swift; path = Equipment.swift; sourceTree = "<group>"; };
		0C7721DF24EB46E70097059A /* DungeonData.swift */ = {isa = PBXFileReference; lastKnownFileType = sourcecode.swift; path = DungeonData.swift; sourceTree = "<group>"; };
		0C7721E124EB499A0097059A /* DungeonListViewController.swift */ = {isa = PBXFileReference; lastKnownFileType = sourcecode.swift; path = DungeonListViewController.swift; sourceTree = "<group>"; };
		0C7721E324EB49B30097059A /* DungeonProgressViewController.swift */ = {isa = PBXFileReference; lastKnownFileType = sourcecode.swift; path = DungeonProgressViewController.swift; sourceTree = "<group>"; };
		0C7721E524EB49C60097059A /* CombatViewController.swift */ = {isa = PBXFileReference; lastKnownFileType = sourcecode.swift; path = CombatViewController.swift; sourceTree = "<group>"; };
		0C7721E724EBB16A0097059A /* DungeonListCell.swift */ = {isa = PBXFileReference; lastKnownFileType = sourcecode.swift; path = DungeonListCell.swift; sourceTree = "<group>"; };
		0C7721E924EBB4A10097059A /* StorageServices.swift */ = {isa = PBXFileReference; lastKnownFileType = sourcecode.swift; path = StorageServices.swift; sourceTree = "<group>"; };
		462B6D58934BE1335ABDA065 /* Pods-Gameify.debug.xcconfig */ = {isa = PBXFileReference; includeInIndex = 1; lastKnownFileType = text.xcconfig; name = "Pods-Gameify.debug.xcconfig"; path = "Target Support Files/Pods-Gameify/Pods-Gameify.debug.xcconfig"; sourceTree = "<group>"; };
		C6C402FB890FB4AF6E19A8E8 /* Pods-Gameify.release.xcconfig */ = {isa = PBXFileReference; includeInIndex = 1; lastKnownFileType = text.xcconfig; name = "Pods-Gameify.release.xcconfig"; path = "Target Support Files/Pods-Gameify/Pods-Gameify.release.xcconfig"; sourceTree = "<group>"; };
		EF8EDD8691BB4B645A649777 /* Pods_Gameify.framework */ = {isa = PBXFileReference; explicitFileType = wrapper.framework; includeInIndex = 0; path = Pods_Gameify.framework; sourceTree = BUILT_PRODUCTS_DIR; };
/* End PBXFileReference section */

/* Begin PBXFrameworksBuildPhase section */
		0C4BC13824156A9D00F00300 /* Frameworks */ = {
			isa = PBXFrameworksBuildPhase;
			buildActionMask = 2147483647;
			files = (
				15324189A3D3436A5B8490DE /* Pods_Gameify.framework in Frameworks */,
			);
			runOnlyForDeploymentPostprocessing = 0;
		};
/* End PBXFrameworksBuildPhase section */

/* Begin PBXGroup section */
		0C3CFAA025129D2500C23DD7 /* Music */ = {
			isa = PBXGroup;
			children = (
				0C3CFAA125129D5800C23DD7 /* battleTheme1.wav */,
			);
			path = Music;
			sourceTree = "<group>";
		};
		0C4BC13224156A9D00F00300 = {
			isa = PBXGroup;
			children = (
				0C4BC13D24156A9D00F00300 /* Gameify */,
				0C3CFAA025129D2500C23DD7 /* Music */,
				0C4BC13C24156A9D00F00300 /* Products */,
				342BF06A3D4792714D816A39 /* Pods */,
				284D388229F0ECB2354ED044 /* Frameworks */,
			);
			sourceTree = "<group>";
		};
		0C4BC13C24156A9D00F00300 /* Products */ = {
			isa = PBXGroup;
			children = (
				0C4BC13B24156A9D00F00300 /* Gameify.app */,
			);
			name = Products;
			sourceTree = "<group>";
		};
		0C4BC13D24156A9D00F00300 /* Gameify */ = {
			isa = PBXGroup;
			children = (
				0C5C53E424D2934D004867F6 /* Storyboards */,
				0C5C53E124CE3F33004867F6 /* Models */,
				0C7721EB24EBB5510097059A /* Cells */,
				0C5C53DE24CE35EE004867F6 /* Controllers */,
				0C5851DF24D9FB5F00008CE5 /* Extensions */,
				0C4BC13E24156A9D00F00300 /* AppDelegate.swift */,
				0C4BC14024156A9D00F00300 /* SceneDelegate.swift */,
				0C5C53D824C579FE004867F6 /* DatabaseServices.swift */,
				0C7721E924EBB4A10097059A /* StorageServices.swift */,
				0C57FAAF24EE277F00C80222 /* CombatFormulas.swift */,
				0C4BC14724156AA000F00300 /* Assets.xcassets */,
				0C4BC14924156AA100F00300 /* LaunchScreen.storyboard */,
				0C5C3BE424F5791D00E8C814 /* GoogleService-Info.plist */,
				0C4BC14C24156AA100F00300 /* Info.plist */,
				0C5C53E924D3C4A9004867F6 /* AuthenticationSession.swift */,
				0C6E858125005EF200B2D23C /* QuestBoardSystem.swift */,
			);
			path = Gameify;
			sourceTree = "<group>";
		};
		0C5851DF24D9FB5F00008CE5 /* Extensions */ = {
			isa = PBXGroup;
			children = (
				0C5C3BE224F5735500E8C814 /* UIViewController + Extensions.swift */,
				0C5C53EB24D3C691004867F6 /* UIViewController + Alerts.swift */,
				0C5851DD24D9FB5900008CE5 /* UIProgressView + Extensions.swift */,
				0C67DB0C24FA08D0004D872C /* UICollectionViewCell + Extensions.swift */,
			);
			path = Extensions;
			sourceTree = "<group>";
		};
		0C5C53DE24CE35EE004867F6 /* Controllers */ = {
			isa = PBXGroup;
			children = (
				0C5C53E724D29466004867F6 /* LoginViewController.swift */,
				0C4BC14224156A9D00F00300 /* ProfileViewController.swift */,
				0C5C53DC24CE35E7004867F6 /* TaskViewController.swift */,
				0C5851D624D5271900008CE5 /* CreateTaskViewController.swift */,
				0C7721E124EB499A0097059A /* DungeonListViewController.swift */,
				0C7721E324EB49B30097059A /* DungeonProgressViewController.swift */,
				0C7721E524EB49C60097059A /* CombatViewController.swift */,
				0C57FAB324F0756200C80222 /* AddFriendViewController.swift */,
				0C57FAB724F0844900C80222 /* FeedViewController.swift */,
				0C3CFAA22512A14A00C23DD7 /* GuildViewController.swift */,
				0C57227524FC6EB60066118A /* ShopViewController.swift */,
				0C6E857F24FE0B2000B2D23C /* QuestBoardController.swift */,
			);
			path = Controllers;
			sourceTree = "<group>";
		};
		0C5C53E124CE3F33004867F6 /* Models */ = {
			isa = PBXGroup;
			children = (
				0C5C53DF24CE3C56004867F6 /* Task.swift */,
				0C7721DD24EB2FA60097059A /* Equipment.swift */,
				0C4BC1542415708500F00300 /* UserData.swift */,
				0C7721DB24EB2EFF0097059A /* EnemyData.swift */,
				0C7721DF24EB46E70097059A /* DungeonData.swift */,
				0C57FAB524F0821000C80222 /* Friend.swift */,
				0C57227324FB506C0066118A /* Update.swift */,
				0C6E85832502BB7900B2D23C /* DungeonStatus.swift */,
			);
			path = Models;
			sourceTree = "<group>";
		};
		0C5C53E424D2934D004867F6 /* Storyboards */ = {
			isa = PBXGroup;
			children = (
				0C4BC14424156A9D00F00300 /* Main.storyboard */,
				0C5C53E524D29399004867F6 /* LoginView.storyboard */,
			);
			path = Storyboards;
			sourceTree = "<group>";
		};
		0C7721EB24EBB5510097059A /* Cells */ = {
			isa = PBXGroup;
			children = (
				0C5C53E224CE61AF004867F6 /* TaskCell.swift */,
				0C7721E724EBB16A0097059A /* DungeonListCell.swift */,
				0C67DB0A24FA07E2004D872C /* FeedCell.swift */,
				0C57227724FCA8350066118A /* ShopCell.swift */,
			);
			path = Cells;
			sourceTree = "<group>";
		};
		284D388229F0ECB2354ED044 /* Frameworks */ = {
			isa = PBXGroup;
			children = (
				EF8EDD8691BB4B645A649777 /* Pods_Gameify.framework */,
			);
			name = Frameworks;
			sourceTree = "<group>";
		};
		342BF06A3D4792714D816A39 /* Pods */ = {
			isa = PBXGroup;
			children = (
				462B6D58934BE1335ABDA065 /* Pods-Gameify.debug.xcconfig */,
				C6C402FB890FB4AF6E19A8E8 /* Pods-Gameify.release.xcconfig */,
			);
			path = Pods;
			sourceTree = "<group>";
		};
/* End PBXGroup section */

/* Begin PBXNativeTarget section */
		0C4BC13A24156A9D00F00300 /* Gameify */ = {
			isa = PBXNativeTarget;
			buildConfigurationList = 0C4BC14F24156AA100F00300 /* Build configuration list for PBXNativeTarget "Gameify" */;
			buildPhases = (
				5E4A30503796B08A843A65DE /* [CP] Check Pods Manifest.lock */,
				0C4BC13724156A9D00F00300 /* Sources */,
				0C4BC13824156A9D00F00300 /* Frameworks */,
				0C4BC13924156A9D00F00300 /* Resources */,
				E3DC8F19125C981D83C39BE2 /* [CP] Embed Pods Frameworks */,
			);
			buildRules = (
			);
			dependencies = (
			);
			name = Gameify;
			productName = Gameify;
			productReference = 0C4BC13B24156A9D00F00300 /* Gameify.app */;
			productType = "com.apple.product-type.application";
		};
/* End PBXNativeTarget section */

/* Begin PBXProject section */
		0C4BC13324156A9D00F00300 /* Project object */ = {
			isa = PBXProject;
			attributes = {
				LastSwiftUpdateCheck = 1130;
				LastUpgradeCheck = 1130;
				ORGANIZATIONNAME = "Matthew Ramos";
				TargetAttributes = {
					0C4BC13A24156A9D00F00300 = {
						CreatedOnToolsVersion = 11.3.1;
					};
				};
			};
			buildConfigurationList = 0C4BC13624156A9D00F00300 /* Build configuration list for PBXProject "Gameify" */;
			compatibilityVersion = "Xcode 9.3";
			developmentRegion = en;
			hasScannedForEncodings = 0;
			knownRegions = (
				en,
				Base,
			);
			mainGroup = 0C4BC13224156A9D00F00300;
			productRefGroup = 0C4BC13C24156A9D00F00300 /* Products */;
			projectDirPath = "";
			projectRoot = "";
			targets = (
				0C4BC13A24156A9D00F00300 /* Gameify */,
			);
		};
/* End PBXProject section */

/* Begin PBXResourcesBuildPhase section */
		0C4BC13924156A9D00F00300 /* Resources */ = {
			isa = PBXResourcesBuildPhase;
			buildActionMask = 2147483647;
			files = (
				0C4BC14B24156AA100F00300 /* LaunchScreen.storyboard in Resources */,
				0C4BC14824156AA000F00300 /* Assets.xcassets in Resources */,
				0C5C3BE524F5791D00E8C814 /* GoogleService-Info.plist in Resources */,
				0C4BC14624156A9D00F00300 /* Main.storyboard in Resources */,
				0C5C53E624D29399004867F6 /* LoginView.storyboard in Resources */,
			);
			runOnlyForDeploymentPostprocessing = 0;
		};
/* End PBXResourcesBuildPhase section */

/* Begin PBXShellScriptBuildPhase section */
		5E4A30503796B08A843A65DE /* [CP] Check Pods Manifest.lock */ = {
			isa = PBXShellScriptBuildPhase;
			buildActionMask = 2147483647;
			files = (
			);
			inputFileListPaths = (
			);
			inputPaths = (
				"${PODS_PODFILE_DIR_PATH}/Podfile.lock",
				"${PODS_ROOT}/Manifest.lock",
			);
			name = "[CP] Check Pods Manifest.lock";
			outputFileListPaths = (
			);
			outputPaths = (
				"$(DERIVED_FILE_DIR)/Pods-Gameify-checkManifestLockResult.txt",
			);
			runOnlyForDeploymentPostprocessing = 0;
			shellPath = /bin/sh;
			shellScript = "diff \"${PODS_PODFILE_DIR_PATH}/Podfile.lock\" \"${PODS_ROOT}/Manifest.lock\" > /dev/null\nif [ $? != 0 ] ; then\n    # print error to STDERR\n    echo \"error: The sandbox is not in sync with the Podfile.lock. Run 'pod install' or update your CocoaPods installation.\" >&2\n    exit 1\nfi\n# This output is used by Xcode 'outputs' to avoid re-running this script phase.\necho \"SUCCESS\" > \"${SCRIPT_OUTPUT_FILE_0}\"\n";
			showEnvVarsInLog = 0;
		};
		E3DC8F19125C981D83C39BE2 /* [CP] Embed Pods Frameworks */ = {
			isa = PBXShellScriptBuildPhase;
			buildActionMask = 2147483647;
			files = (
			);
			inputFileListPaths = (
				"${PODS_ROOT}/Target Support Files/Pods-Gameify/Pods-Gameify-frameworks-${CONFIGURATION}-input-files.xcfilelist",
			);
			name = "[CP] Embed Pods Frameworks";
			outputFileListPaths = (
				"${PODS_ROOT}/Target Support Files/Pods-Gameify/Pods-Gameify-frameworks-${CONFIGURATION}-output-files.xcfilelist",
			);
			runOnlyForDeploymentPostprocessing = 0;
			shellPath = /bin/sh;
			shellScript = "\"${PODS_ROOT}/Target Support Files/Pods-Gameify/Pods-Gameify-frameworks.sh\"\n";
			showEnvVarsInLog = 0;
		};
/* End PBXShellScriptBuildPhase section */

/* Begin PBXSourcesBuildPhase section */
		0C4BC13724156A9D00F00300 /* Sources */ = {
			isa = PBXSourcesBuildPhase;
			buildActionMask = 2147483647;
			files = (
				0C7721E824EBB16A0097059A /* DungeonListCell.swift in Sources */,
				0C7721E224EB499A0097059A /* DungeonListViewController.swift in Sources */,
				0C57227624FC6EB60066118A /* ShopViewController.swift in Sources */,
				0C7721E624EB49C60097059A /* CombatViewController.swift in Sources */,
				0C6E85842502BB7900B2D23C /* DungeonStatus.swift in Sources */,
				0C7721DC24EB2EFF0097059A /* EnemyData.swift in Sources */,
				0C5C53E824D29466004867F6 /* LoginViewController.swift in Sources */,
				0C4BC14324156A9D00F00300 /* ProfileViewController.swift in Sources */,
				0C67DB0D24FA08D0004D872C /* UICollectionViewCell + Extensions.swift in Sources */,
				0C5C3BE324F5735500E8C814 /* UIViewController + Extensions.swift in Sources */,
				0C4BC13F24156A9D00F00300 /* AppDelegate.swift in Sources */,
				0C67DB0B24FA07E2004D872C /* FeedCell.swift in Sources */,
				0C5851DE24D9FB5900008CE5 /* UIProgressView + Extensions.swift in Sources */,
				0C3CFAA32512A14A00C23DD7 /* GuildViewController.swift in Sources */,
				0C57227424FB506C0066118A /* Update.swift in Sources */,
				0C57FAB424F0756200C80222 /* AddFriendViewController.swift in Sources */,
				0C5C53D924C579FE004867F6 /* DatabaseServices.swift in Sources */,
				0C7721E024EB46E80097059A /* DungeonData.swift in Sources */,
				0C5C53EC24D3C691004867F6 /* UIViewController + Alerts.swift in Sources */,
				0C4BC1552415708500F00300 /* UserData.swift in Sources */,
				0C7721EA24EBB4A10097059A /* StorageServices.swift in Sources */,
				0C6E858024FE0B2000B2D23C /* QuestBoardController.swift in Sources */,
				0C5C53E324CE61AF004867F6 /* TaskCell.swift in Sources */,
				0C57FAB624F0821100C80222 /* Friend.swift in Sources */,
				0C4BC14124156A9D00F00300 /* SceneDelegate.swift in Sources */,
				0C7721DE24EB2FA60097059A /* Equipment.swift in Sources */,
				0C5C53E024CE3C56004867F6 /* Task.swift in Sources */,
				0C7721E424EB49B30097059A /* DungeonProgressViewController.swift in Sources */,
				0C6E858225005EF200B2D23C /* QuestBoardSystem.swift in Sources */,
				0C57227824FCA8350066118A /* ShopCell.swift in Sources */,
				0C57FAB024EE277F00C80222 /* CombatFormulas.swift in Sources */,
				0C5C53EA24D3C4A9004867F6 /* AuthenticationSession.swift in Sources */,
				0C57FAB824F0844900C80222 /* FeedViewController.swift in Sources */,
				0C5C53DD24CE35E7004867F6 /* TaskViewController.swift in Sources */,
				0C5851D724D5271900008CE5 /* CreateTaskViewController.swift in Sources */,
			);
			runOnlyForDeploymentPostprocessing = 0;
		};
/* End PBXSourcesBuildPhase section */

/* Begin PBXVariantGroup section */
		0C4BC14424156A9D00F00300 /* Main.storyboard */ = {
			isa = PBXVariantGroup;
			children = (
				0C4BC14524156A9D00F00300 /* Base */,
			);
			name = Main.storyboard;
			sourceTree = "<group>";
		};
		0C4BC14924156AA100F00300 /* LaunchScreen.storyboard */ = {
			isa = PBXVariantGroup;
			children = (
				0C4BC14A24156AA100F00300 /* Base */,
			);
			name = LaunchScreen.storyboard;
			sourceTree = "<group>";
		};
/* End PBXVariantGroup section */

/* Begin XCBuildConfiguration section */
		0C4BC14D24156AA100F00300 /* Debug */ = {
			isa = XCBuildConfiguration;
			buildSettings = {
				ALWAYS_SEARCH_USER_PATHS = NO;
				CLANG_ANALYZER_NONNULL = YES;
				CLANG_ANALYZER_NUMBER_OBJECT_CONVERSION = YES_AGGRESSIVE;
				CLANG_CXX_LANGUAGE_STANDARD = "gnu++14";
				CLANG_CXX_LIBRARY = "libc++";
				CLANG_ENABLE_MODULES = YES;
				CLANG_ENABLE_OBJC_ARC = YES;
				CLANG_ENABLE_OBJC_WEAK = YES;
				CLANG_WARN_BLOCK_CAPTURE_AUTORELEASING = YES;
				CLANG_WARN_BOOL_CONVERSION = YES;
				CLANG_WARN_COMMA = YES;
				CLANG_WARN_CONSTANT_CONVERSION = YES;
				CLANG_WARN_DEPRECATED_OBJC_IMPLEMENTATIONS = YES;
				CLANG_WARN_DIRECT_OBJC_ISA_USAGE = YES_ERROR;
				CLANG_WARN_DOCUMENTATION_COMMENTS = YES;
				CLANG_WARN_EMPTY_BODY = YES;
				CLANG_WARN_ENUM_CONVERSION = YES;
				CLANG_WARN_INFINITE_RECURSION = YES;
				CLANG_WARN_INT_CONVERSION = YES;
				CLANG_WARN_NON_LITERAL_NULL_CONVERSION = YES;
				CLANG_WARN_OBJC_IMPLICIT_RETAIN_SELF = YES;
				CLANG_WARN_OBJC_LITERAL_CONVERSION = YES;
				CLANG_WARN_OBJC_ROOT_CLASS = YES_ERROR;
				CLANG_WARN_RANGE_LOOP_ANALYSIS = YES;
				CLANG_WARN_STRICT_PROTOTYPES = YES;
				CLANG_WARN_SUSPICIOUS_MOVE = YES;
				CLANG_WARN_UNGUARDED_AVAILABILITY = YES_AGGRESSIVE;
				CLANG_WARN_UNREACHABLE_CODE = YES;
				CLANG_WARN__DUPLICATE_METHOD_MATCH = YES;
				COPY_PHASE_STRIP = NO;
				DEBUG_INFORMATION_FORMAT = dwarf;
				ENABLE_STRICT_OBJC_MSGSEND = YES;
				ENABLE_TESTABILITY = YES;
				GCC_C_LANGUAGE_STANDARD = gnu11;
				GCC_DYNAMIC_NO_PIC = NO;
				GCC_NO_COMMON_BLOCKS = YES;
				GCC_OPTIMIZATION_LEVEL = 0;
				GCC_PREPROCESSOR_DEFINITIONS = (
					"DEBUG=1",
					"$(inherited)",
				);
				GCC_WARN_64_TO_32_BIT_CONVERSION = YES;
				GCC_WARN_ABOUT_RETURN_TYPE = YES_ERROR;
				GCC_WARN_UNDECLARED_SELECTOR = YES;
				GCC_WARN_UNINITIALIZED_AUTOS = YES_AGGRESSIVE;
				GCC_WARN_UNUSED_FUNCTION = YES;
				GCC_WARN_UNUSED_VARIABLE = YES;
				IPHONEOS_DEPLOYMENT_TARGET = 13.2;
				MTL_ENABLE_DEBUG_INFO = INCLUDE_SOURCE;
				MTL_FAST_MATH = YES;
				ONLY_ACTIVE_ARCH = YES;
				SDKROOT = iphoneos;
				SWIFT_ACTIVE_COMPILATION_CONDITIONS = DEBUG;
				SWIFT_OPTIMIZATION_LEVEL = "-Onone";
			};
			name = Debug;
		};
		0C4BC14E24156AA100F00300 /* Release */ = {
			isa = XCBuildConfiguration;
			buildSettings = {
				ALWAYS_SEARCH_USER_PATHS = NO;
				CLANG_ANALYZER_NONNULL = YES;
				CLANG_ANALYZER_NUMBER_OBJECT_CONVERSION = YES_AGGRESSIVE;
				CLANG_CXX_LANGUAGE_STANDARD = "gnu++14";
				CLANG_CXX_LIBRARY = "libc++";
				CLANG_ENABLE_MODULES = YES;
				CLANG_ENABLE_OBJC_ARC = YES;
				CLANG_ENABLE_OBJC_WEAK = YES;
				CLANG_WARN_BLOCK_CAPTURE_AUTORELEASING = YES;
				CLANG_WARN_BOOL_CONVERSION = YES;
				CLANG_WARN_COMMA = YES;
				CLANG_WARN_CONSTANT_CONVERSION = YES;
				CLANG_WARN_DEPRECATED_OBJC_IMPLEMENTATIONS = YES;
				CLANG_WARN_DIRECT_OBJC_ISA_USAGE = YES_ERROR;
				CLANG_WARN_DOCUMENTATION_COMMENTS = YES;
				CLANG_WARN_EMPTY_BODY = YES;
				CLANG_WARN_ENUM_CONVERSION = YES;
				CLANG_WARN_INFINITE_RECURSION = YES;
				CLANG_WARN_INT_CONVERSION = YES;
				CLANG_WARN_NON_LITERAL_NULL_CONVERSION = YES;
				CLANG_WARN_OBJC_IMPLICIT_RETAIN_SELF = YES;
				CLANG_WARN_OBJC_LITERAL_CONVERSION = YES;
				CLANG_WARN_OBJC_ROOT_CLASS = YES_ERROR;
				CLANG_WARN_RANGE_LOOP_ANALYSIS = YES;
				CLANG_WARN_STRICT_PROTOTYPES = YES;
				CLANG_WARN_SUSPICIOUS_MOVE = YES;
				CLANG_WARN_UNGUARDED_AVAILABILITY = YES_AGGRESSIVE;
				CLANG_WARN_UNREACHABLE_CODE = YES;
				CLANG_WARN__DUPLICATE_METHOD_MATCH = YES;
				COPY_PHASE_STRIP = NO;
				DEBUG_INFORMATION_FORMAT = "dwarf-with-dsym";
				ENABLE_NS_ASSERTIONS = NO;
				ENABLE_STRICT_OBJC_MSGSEND = YES;
				GCC_C_LANGUAGE_STANDARD = gnu11;
				GCC_NO_COMMON_BLOCKS = YES;
				GCC_WARN_64_TO_32_BIT_CONVERSION = YES;
				GCC_WARN_ABOUT_RETURN_TYPE = YES_ERROR;
				GCC_WARN_UNDECLARED_SELECTOR = YES;
				GCC_WARN_UNINITIALIZED_AUTOS = YES_AGGRESSIVE;
				GCC_WARN_UNUSED_FUNCTION = YES;
				GCC_WARN_UNUSED_VARIABLE = YES;
				IPHONEOS_DEPLOYMENT_TARGET = 13.2;
				MTL_ENABLE_DEBUG_INFO = NO;
				MTL_FAST_MATH = YES;
				SDKROOT = iphoneos;
				SWIFT_COMPILATION_MODE = wholemodule;
				SWIFT_OPTIMIZATION_LEVEL = "-O";
				VALIDATE_PRODUCT = YES;
			};
			name = Release;
		};
		0C4BC15024156AA100F00300 /* Debug */ = {
			isa = XCBuildConfiguration;
			baseConfigurationReference = 462B6D58934BE1335ABDA065 /* Pods-Gameify.debug.xcconfig */;
			buildSettings = {
				ASSETCATALOG_COMPILER_APPICON_NAME = AppIcon;
				CODE_SIGN_STYLE = Automatic;
				DEVELOPMENT_TEAM = HHA5GS3CVN;
				INFOPLIST_FILE = Gameify/Info.plist;
				LD_RUNPATH_SEARCH_PATHS = (
					"$(inherited)",
					"@executable_path/Frameworks",
				);
				PRODUCT_BUNDLE_IDENTIFIER = com.matthewramos.tasktoquest;
				PRODUCT_NAME = Gameify;
				SWIFT_VERSION = 5.0;
				TARGETED_DEVICE_FAMILY = 1;
			};
			name = Debug;
		};
		0C4BC15124156AA100F00300 /* Release */ = {
			isa = XCBuildConfiguration;
			baseConfigurationReference = C6C402FB890FB4AF6E19A8E8 /* Pods-Gameify.release.xcconfig */;
			buildSettings = {
				ASSETCATALOG_COMPILER_APPICON_NAME = AppIcon;
				CODE_SIGN_STYLE = Automatic;
				DEVELOPMENT_TEAM = HHA5GS3CVN;
				INFOPLIST_FILE = Gameify/Info.plist;
				LD_RUNPATH_SEARCH_PATHS = (
					"$(inherited)",
					"@executable_path/Frameworks",
				);
				PRODUCT_BUNDLE_IDENTIFIER = com.matthewramos.tasktoquest;
				PRODUCT_NAME = Gameify;
				SWIFT_VERSION = 5.0;
				TARGETED_DEVICE_FAMILY = 1;
			};
			name = Release;
		};
/* End XCBuildConfiguration section */

/* Begin XCConfigurationList section */
		0C4BC13624156A9D00F00300 /* Build configuration list for PBXProject "Gameify" */ = {
			isa = XCConfigurationList;
			buildConfigurations = (
				0C4BC14D24156AA100F00300 /* Debug */,
				0C4BC14E24156AA100F00300 /* Release */,
			);
			defaultConfigurationIsVisible = 0;
			defaultConfigurationName = Release;
		};
		0C4BC14F24156AA100F00300 /* Build configuration list for PBXNativeTarget "Gameify" */ = {
			isa = XCConfigurationList;
			buildConfigurations = (
				0C4BC15024156AA100F00300 /* Debug */,
				0C4BC15124156AA100F00300 /* Release */,
			);
			defaultConfigurationIsVisible = 0;
			defaultConfigurationName = Release;
		};
/* End XCConfigurationList section */
	};
	rootObject = 0C4BC13324156A9D00F00300 /* Project object */;
}
